
Microsoft Visual Studio Solution File, Format Version 12.00
# Visual Studio Version 17
VisualStudioVersion = 17.8.34330.188
MinimumVisualStudioVersion = 10.0.40219.1
Project("{9A19103F-16F7-4668-BE54-9A1E7A4F7556}") = "MS.SearchSolution.BE.API", "MS.SearchSolution.BE.API\MS.SearchSolution.BE.API.csproj", "{1896C1EC-B0A2-4296-A62C-21691EEB406A}"
EndProject
Project("{9A19103F-16F7-4668-BE54-9A1E7A4F7556}") = "MS.SearchSolution.BE.Models", "MS.SearchSolution.BE.Models\MS.SearchSolution.BE.Models.csproj", "{73699C45-E80F-4072-8B4E-9AD2C290D66F}"
EndProject
Project("{9A19103F-16F7-4668-BE54-9A1E7A4F7556}") = "MS.SearchSolution.BE.Tests", "MS.SearchSolution.BE.Tests\MS.SearchSolution.BE.Tests.csproj", "{5360399F-18A0-48CC-975F-96AA0BF2D161}"
EndProject
Project("{9A19103F-16F7-4668-BE54-9A1E7A4F7556}") = "MS.SearchSolution.BE.Repositories", "MS.SearchSolution.BE.Repositories\MS.SearchSolution.BE.Repositories.csproj", "{E523A172-160C-4E3A-84D4-12BF45E2FC80}"
EndProject
Project("{FAE04EC0-301F-11D3-BF4B-00C04F79EFBC}") = "MS.SearchSolution.BE.Services", "MS.SearchSolution.BE.Services\MS.SearchSolution.BE.Services.csproj", "{D651FF79-5942-4F53-8E3B-357FE40F9089}"
EndProject
Global
	GlobalSection(SolutionConfigurationPlatforms) = preSolution
		Debug|Any CPU = Debug|Any CPU
		Release|Any CPU = Release|Any CPU
	EndGlobalSection
	GlobalSection(ProjectConfigurationPlatforms) = postSolution
		{1896C1EC-B0A2-4296-A62C-21691EEB406A}.Debug|Any CPU.ActiveCfg = Debug|Any CPU
		{1896C1EC-B0A2-4296-A62C-21691EEB406A}.Debug|Any CPU.Build.0 = Debug|Any CPU
		{1896C1EC-B0A2-4296-A62C-21691EEB406A}.Release|Any CPU.ActiveCfg = Release|Any CPU
		{1896C1EC-B0A2-4296-A62C-21691EEB406A}.Release|Any CPU.Build.0 = Release|Any CPU
		{73699C45-E80F-4072-8B4E-9AD2C290D66F}.Debug|Any CPU.ActiveCfg = Debug|Any CPU
		{73699C45-E80F-4072-8B4E-9AD2C290D66F}.Debug|Any CPU.Build.0 = Debug|Any CPU
		{73699C45-E80F-4072-8B4E-9AD2C290D66F}.Release|Any CPU.ActiveCfg = Release|Any CPU
		{73699C45-E80F-4072-8B4E-9AD2C290D66F}.Release|Any CPU.Build.0 = Release|Any CPU
		{5360399F-18A0-48CC-975F-96AA0BF2D161}.Debug|Any CPU.ActiveCfg = Debug|Any CPU
		{5360399F-18A0-48CC-975F-96AA0BF2D161}.Debug|Any CPU.Build.0 = Debug|Any CPU
		{5360399F-18A0-48CC-975F-96AA0BF2D161}.Release|Any CPU.ActiveCfg = Release|Any CPU
		{5360399F-18A0-48CC-975F-96AA0BF2D161}.Release|Any CPU.Build.0 = Release|Any CPU
		{E523A172-160C-4E3A-84D4-12BF45E2FC80}.Debug|Any CPU.ActiveCfg = Debug|Any CPU
		{E523A172-160C-4E3A-84D4-12BF45E2FC80}.Debug|Any CPU.Build.0 = Debug|Any CPU
		{E523A172-160C-4E3A-84D4-12BF45E2FC80}.Release|Any CPU.ActiveCfg = Release|Any CPU
		{E523A172-160C-4E3A-84D4-12BF45E2FC80}.Release|Any CPU.Build.0 = Release|Any CPU
		{D651FF79-5942-4F53-8E3B-357FE40F9089}.Debug|Any CPU.ActiveCfg = Debug|Any CPU
		{D651FF79-5942-4F53-8E3B-357FE40F9089}.Debug|Any CPU.Build.0 = Debug|Any CPU
		{D651FF79-5942-4F53-8E3B-357FE40F9089}.Release|Any CPU.ActiveCfg = Release|Any CPU
		{D651FF79-5942-4F53-8E3B-357FE40F9089}.Release|Any CPU.Build.0 = Release|Any CPU
	EndGlobalSection
	GlobalSection(SolutionProperties) = preSolution
		HideSolutionNode = FALSE
	EndGlobalSection
	GlobalSection(ExtensibilityGlobals) = postSolution
		SolutionGuid = {ABCDD758-290D-4FEC-9402-B275E03035BC}
	EndGlobalSection
EndGlobal
